
Microsoft Visual Studio Solution File, Format Version 12.00
# Visual Studio Version 17
VisualStudioVersion = 17.10.34928.147
MinimumVisualStudioVersion = 10.0.40219.1
Project("{FAE04EC0-301F-11D3-BF4B-00C04F79EFBC}") = "InsuranceApi_new", "InsuranceApi_new\InsuranceApi_new.csproj", "{5AE176CC-EF8D-4448-B7AE-204E10AC9B45}"
EndProject
Global
	GlobalSection(SolutionConfigurationPlatforms) = preSolution
		Debug|Any CPU = Debug|Any CPU
		Release|Any CPU = Release|Any CPU
	EndGlobalSection
	GlobalSection(ProjectConfigurationPlatforms) = postSolution
		{5AE176CC-EF8D-4448-B7AE-204E10AC9B45}.Debug|Any CPU.ActiveCfg = Debug|Any CPU
		{5AE176CC-EF8D-4448-B7AE-204E10AC9B45}.Debug|Any CPU.Build.0 = Debug|Any CPU
		{5AE176CC-EF8D-4448-B7AE-204E10AC9B45}.Release|Any CPU.ActiveCfg = Release|Any CPU
		{5AE176CC-EF8D-4448-B7AE-204E10AC9B45}.Release|Any CPU.Build.0 = Release|Any CPU
	EndGlobalSection
	GlobalSection(SolutionProperties) = preSolution
		HideSolutionNode = FALSE
	EndGlobalSection
	GlobalSection(ExtensibilityGlobals) = postSolution
		SolutionGuid = {7B5C3793-B05C-41B6-8EC3-6D8523570D13}
	EndGlobalSection
EndGlobal
